
Microsoft Visual Studio Solution File, Format Version 12.00
# Visual Studio Version 17
VisualStudioVersion = 17.2.32526.322
MinimumVisualStudioVersion = 10.0.40219.1
Project("{FAE04EC0-301F-11D3-BF4B-00C04F79EFBC}") = "MatchYourGarden.WebApi", "MatchYourGarden.WebApi\MatchYourGarden.WebApi.csproj", "{F8261564-68DF-4F96-A62D-1175F3E83592}"
EndProject
Global
	GlobalSection(SolutionConfigurationPlatforms) = preSolution
		Debug|Any CPU = Debug|Any CPU
		Release|Any CPU = Release|Any CPU
	EndGlobalSection
	GlobalSection(ProjectConfigurationPlatforms) = postSolution
		{F8261564-68DF-4F96-A62D-1175F3E83592}.Debug|Any CPU.ActiveCfg = Debug|Any CPU
		{F8261564-68DF-4F96-A62D-1175F3E83592}.Debug|Any CPU.Build.0 = Debug|Any CPU
		{F8261564-68DF-4F96-A62D-1175F3E83592}.Release|Any CPU.ActiveCfg = Release|Any CPU
		{F8261564-68DF-4F96-A62D-1175F3E83592}.Release|Any CPU.Build.0 = Release|Any CPU
	EndGlobalSection
	GlobalSection(SolutionProperties) = preSolution
		HideSolutionNode = FALSE
	EndGlobalSection
	GlobalSection(ExtensibilityGlobals) = postSolution
		SolutionGuid = {3324BEDA-575D-4224-B61C-A6082095CF50}
	EndGlobalSection
EndGlobal
